
Microsoft Visual Studio Solution File, Format Version 12.00
# Visual Studio Version 17
VisualStudioVersion = 17.7.34221.43
MinimumVisualStudioVersion = 10.0.40219.1
Project("{9A19103F-16F7-4668-BE54-9A1E7A4F7556}") = "desafio estagio target", "desafio estagio target\desafio estagio target.csproj", "{97CB797C-C08E-40D9-BCB5-2348A8E4C60D}"
EndProject
Global
	GlobalSection(SolutionConfigurationPlatforms) = preSolution
		Debug|Any CPU = Debug|Any CPU
		Release|Any CPU = Release|Any CPU
	EndGlobalSection
	GlobalSection(ProjectConfigurationPlatforms) = postSolution
		{97CB797C-C08E-40D9-BCB5-2348A8E4C60D}.Debug|Any CPU.ActiveCfg = Debug|Any CPU
		{97CB797C-C08E-40D9-BCB5-2348A8E4C60D}.Debug|Any CPU.Build.0 = Debug|Any CPU
		{97CB797C-C08E-40D9-BCB5-2348A8E4C60D}.Release|Any CPU.ActiveCfg = Release|Any CPU
		{97CB797C-C08E-40D9-BCB5-2348A8E4C60D}.Release|Any CPU.Build.0 = Release|Any CPU
	EndGlobalSection
	GlobalSection(SolutionProperties) = preSolution
		HideSolutionNode = FALSE
	EndGlobalSection
	GlobalSection(ExtensibilityGlobals) = postSolution
		SolutionGuid = {1801A378-4375-46C2-ABD6-E7240EB4F36E}
	EndGlobalSection
EndGlobal
